
Microsoft Visual Studio Solution File, Format Version 12.00
# Visual Studio Version 16
VisualStudioVersion = 16.0.32002.261
MinimumVisualStudioVersion = 10.0.40219.1
Project("{9A19103F-16F7-4668-BE54-9A1E7A4F7556}") = "WinAppLib", "WinAppLib.csproj", "{DC5A6C6D-6264-4F5D-8ED3-6E0812BBC087}"
EndProject
Project("{9A19103F-16F7-4668-BE54-9A1E7A4F7556}") = "WinAppCon", "..\WinAppCon\WinAppCon.csproj", "{294C0A7D-CB14-4B0E-86D4-D2AD6C39CA86}"
EndProject
Project("{9A19103F-16F7-4668-BE54-9A1E7A4F7556}") = "Assignment", "..\Assignments\Assignment.csproj", "{477D7F1F-9D6F-4D1C-BD0C-240F09A98003}"
EndProject
Project("{9A19103F-16F7-4668-BE54-9A1E7A4F7556}") = "AssignmentConsole", "..\AssignmentConsole\AssignmentConsole.csproj", "{1C35443F-E15C-409C-906C-5F0C6B6AD64D}"
EndProject
Project("{2150E333-8FDC-42A3-9474-1A3956D46DE8}") = "Assignments", "Assignments", "{2DD0CECB-353C-4A30-98AE-6F882FB06A31}"
EndProject
Project("{2150E333-8FDC-42A3-9474-1A3956D46DE8}") = "Review", "Review", "{BDF9AEC9-06AC-4CFF-8E5D-CCD034DF9316}"
EndProject
Project("{2150E333-8FDC-42A3-9474-1A3956D46DE8}") = "Explore", "Explore", "{A4A6A123-C45B-41C4-AF43-16A4D07852E5}"
EndProject
Project("{2150E333-8FDC-42A3-9474-1A3956D46DE8}") = "Assignment1", "Assignment1", "{F45E2B39-2240-4009-9436-ED744D0A7046}"
EndProject
Project("{2150E333-8FDC-42A3-9474-1A3956D46DE8}") = "Assignment2", "Assignment2", "{1AAC3B3F-DD81-4E48-A387-C01BE56D43F4}"
EndProject
Project("{9A19103F-16F7-4668-BE54-9A1E7A4F7556}") = "Assignment2", "..\Assignment2\Assignment2.csproj", "{62325A2A-9B54-44E7-A125-A7D8C2B62B97}"
EndProject
Project("{9A19103F-16F7-4668-BE54-9A1E7A4F7556}") = "Assignment2Consle", "..\Assignment2Consle\Assignment2Consle.csproj", "{F2A84C13-36F0-49D0-BB8E-E2A7869A665F}"
EndProject
Project("{2150E333-8FDC-42A3-9474-1A3956D46DE8}") = "Assignment3", "Assignment3", "{D823AAD8-6EDE-49A4-8DB3-2110E457070F}"
EndProject
Project("{9A19103F-16F7-4668-BE54-9A1E7A4F7556}") = "Assignment3", "..\Assignment3\Assignment3.csproj", "{8E386091-E2E4-4B12-9B19-67763913CA78}"
EndProject
Project("{9A19103F-16F7-4668-BE54-9A1E7A4F7556}") = "Assignment3Console", "..\Assignment3Console\Assignment3Console.csproj", "{CE30843B-1E74-409B-BB97-D7A6E29DCBA6}"
EndProject
Project("{2150E333-8FDC-42A3-9474-1A3956D46DE8}") = "Assignment4", "Assignment4", "{B70B4954-0496-4EBB-8445-5EC9271E1AEF}"
EndProject
Project("{9A19103F-16F7-4668-BE54-9A1E7A4F7556}") = "Assignment4Console", "..\Assignment4Console\Assignment4Console.csproj", "{6DDD0DF0-C07B-4DBC-82C6-E31D49D6E8CD}"
EndProject
Project("{9A19103F-16F7-4668-BE54-9A1E7A4F7556}") = "Assignment4", "..\Assignment4\Assignment4.csproj", "{B94FD0D0-BD5C-42FE-93E2-80E85626FD9E}"
EndProject
Project("{2150E333-8FDC-42A3-9474-1A3956D46DE8}") = "FinalAssignment", "FinalAssignment", "{D33BC4AC-F301-4D7A-9942-3EDCF6EA4D37}"
EndProject
Project("{9A19103F-16F7-4668-BE54-9A1E7A4F7556}") = "DataAccessLayer", "..\DataAccessLayer\DataAccessLayer.csproj", "{614387DE-0FE7-4822-B810-EE217A1FFF4F}"
EndProject
Project("{9A19103F-16F7-4668-BE54-9A1E7A4F7556}") = "SharedCommon", "..\SharedCommon\SharedCommon.csproj", "{1E8C2289-69F5-47A3-B1E7-B923DC17F79E}"
EndProject
Project("{9A19103F-16F7-4668-BE54-9A1E7A4F7556}") = "BusinessLogic", "..\BusinessLogic\BusinessLogic.csproj", "{2EEFABAF-009D-42A8-B641-35CC15CB150A}"
EndProject
Project("{FAE04EC0-301F-11D3-BF4B-00C04F79EFBC}") = "FinalAConsle", "..\FinalAConsle\FinalAConsle.csproj", "{7776C4F7-42E9-46E8-A1DF-788DF9ADC370}"
EndProject
Global
	GlobalSection(SolutionConfigurationPlatforms) = preSolution
		Debug|Any CPU = Debug|Any CPU
		Release|Any CPU = Release|Any CPU
	EndGlobalSection
	GlobalSection(ProjectConfigurationPlatforms) = postSolution
		{DC5A6C6D-6264-4F5D-8ED3-6E0812BBC087}.Debug|Any CPU.ActiveCfg = Debug|Any CPU
		{DC5A6C6D-6264-4F5D-8ED3-6E0812BBC087}.Debug|Any CPU.Build.0 = Debug|Any CPU
		{DC5A6C6D-6264-4F5D-8ED3-6E0812BBC087}.Release|Any CPU.ActiveCfg = Release|Any CPU
		{DC5A6C6D-6264-4F5D-8ED3-6E0812BBC087}.Release|Any CPU.Build.0 = Release|Any CPU
		{294C0A7D-CB14-4B0E-86D4-D2AD6C39CA86}.Debug|Any CPU.ActiveCfg = Debug|Any CPU
		{294C0A7D-CB14-4B0E-86D4-D2AD6C39CA86}.Debug|Any CPU.Build.0 = Debug|Any CPU
		{294C0A7D-CB14-4B0E-86D4-D2AD6C39CA86}.Release|Any CPU.ActiveCfg = Release|Any CPU
		{294C0A7D-CB14-4B0E-86D4-D2AD6C39CA86}.Release|Any CPU.Build.0 = Release|Any CPU
		{477D7F1F-9D6F-4D1C-BD0C-240F09A98003}.Debug|Any CPU.ActiveCfg = Debug|Any CPU
		{477D7F1F-9D6F-4D1C-BD0C-240F09A98003}.Debug|Any CPU.Build.0 = Debug|Any CPU
		{477D7F1F-9D6F-4D1C-BD0C-240F09A98003}.Release|Any CPU.ActiveCfg = Release|Any CPU
		{477D7F1F-9D6F-4D1C-BD0C-240F09A98003}.Release|Any CPU.Build.0 = Release|Any CPU
		{1C35443F-E15C-409C-906C-5F0C6B6AD64D}.Debug|Any CPU.ActiveCfg = Debug|Any CPU
		{1C35443F-E15C-409C-906C-5F0C6B6AD64D}.Debug|Any CPU.Build.0 = Debug|Any CPU
		{1C35443F-E15C-409C-906C-5F0C6B6AD64D}.Release|Any CPU.ActiveCfg = Release|Any CPU
		{1C35443F-E15C-409C-906C-5F0C6B6AD64D}.Release|Any CPU.Build.0 = Release|Any CPU
		{62325A2A-9B54-44E7-A125-A7D8C2B62B97}.Debug|Any CPU.ActiveCfg = Debug|Any CPU
		{62325A2A-9B54-44E7-A125-A7D8C2B62B97}.Debug|Any CPU.Build.0 = Debug|Any CPU
		{62325A2A-9B54-44E7-A125-A7D8C2B62B97}.Release|Any CPU.ActiveCfg = Release|Any CPU
		{62325A2A-9B54-44E7-A125-A7D8C2B62B97}.Release|Any CPU.Build.0 = Release|Any CPU
		{F2A84C13-36F0-49D0-BB8E-E2A7869A665F}.Debug|Any CPU.ActiveCfg = Debug|Any CPU
		{F2A84C13-36F0-49D0-BB8E-E2A7869A665F}.Debug|Any CPU.Build.0 = Debug|Any CPU
		{F2A84C13-36F0-49D0-BB8E-E2A7869A665F}.Release|Any CPU.ActiveCfg = Release|Any CPU
		{F2A84C13-36F0-49D0-BB8E-E2A7869A665F}.Release|Any CPU.Build.0 = Release|Any CPU
		{8E386091-E2E4-4B12-9B19-67763913CA78}.Debug|Any CPU.ActiveCfg = Debug|Any CPU
		{8E386091-E2E4-4B12-9B19-67763913CA78}.Debug|Any CPU.Build.0 = Debug|Any CPU
		{8E386091-E2E4-4B12-9B19-67763913CA78}.Release|Any CPU.ActiveCfg = Release|Any CPU
		{8E386091-E2E4-4B12-9B19-67763913CA78}.Release|Any CPU.Build.0 = Release|Any CPU
		{CE30843B-1E74-409B-BB97-D7A6E29DCBA6}.Debug|Any CPU.ActiveCfg = Debug|Any CPU
		{CE30843B-1E74-409B-BB97-D7A6E29DCBA6}.Debug|Any CPU.Build.0 = Debug|Any CPU
		{CE30843B-1E74-409B-BB97-D7A6E29DCBA6}.Release|Any CPU.ActiveCfg = Release|Any CPU
		{CE30843B-1E74-409B-BB97-D7A6E29DCBA6}.Release|Any CPU.Build.0 = Release|Any CPU
		{6DDD0DF0-C07B-4DBC-82C6-E31D49D6E8CD}.Debug|Any CPU.ActiveCfg = Debug|Any CPU
		{6DDD0DF0-C07B-4DBC-82C6-E31D49D6E8CD}.Debug|Any CPU.Build.0 = Debug|Any CPU
		{6DDD0DF0-C07B-4DBC-82C6-E31D49D6E8CD}.Release|Any CPU.ActiveCfg = Release|Any CPU
		{6DDD0DF0-C07B-4DBC-82C6-E31D49D6E8CD}.Release|Any CPU.Build.0 = Release|Any CPU
		{B94FD0D0-BD5C-42FE-93E2-80E85626FD9E}.Debug|Any CPU.ActiveCfg = Debug|Any CPU
		{B94FD0D0-BD5C-42FE-93E2-80E85626FD9E}.Debug|Any CPU.Build.0 = Debug|Any CPU
		{B94FD0D0-BD5C-42FE-93E2-80E85626FD9E}.Release|Any CPU.ActiveCfg = Release|Any CPU
		{B94FD0D0-BD5C-42FE-93E2-80E85626FD9E}.Release|Any CPU.Build.0 = Release|Any CPU
		{614387DE-0FE7-4822-B810-EE217A1FFF4F}.Debug|Any CPU.ActiveCfg = Debug|Any CPU
		{614387DE-0FE7-4822-B810-EE217A1FFF4F}.Debug|Any CPU.Build.0 = Debug|Any CPU
		{614387DE-0FE7-4822-B810-EE217A1FFF4F}.Release|Any CPU.ActiveCfg = Release|Any CPU
		{614387DE-0FE7-4822-B810-EE217A1FFF4F}.Release|Any CPU.Build.0 = Release|Any CPU
		{1E8C2289-69F5-47A3-B1E7-B923DC17F79E}.Debug|Any CPU.ActiveCfg = Debug|Any CPU
		{1E8C2289-69F5-47A3-B1E7-B923DC17F79E}.Debug|Any CPU.Build.0 = Debug|Any CPU
		{1E8C2289-69F5-47A3-B1E7-B923DC17F79E}.Release|Any CPU.ActiveCfg = Release|Any CPU
		{1E8C2289-69F5-47A3-B1E7-B923DC17F79E}.Release|Any CPU.Build.0 = Release|Any CPU
		{2EEFABAF-009D-42A8-B641-35CC15CB150A}.Debug|Any CPU.ActiveCfg = Debug|Any CPU
		{2EEFABAF-009D-42A8-B641-35CC15CB150A}.Debug|Any CPU.Build.0 = Debug|Any CPU
		{2EEFABAF-009D-42A8-B641-35CC15CB150A}.Release|Any CPU.ActiveCfg = Release|Any CPU
		{2EEFABAF-009D-42A8-B641-35CC15CB150A}.Release|Any CPU.Build.0 = Release|Any CPU
		{7776C4F7-42E9-46E8-A1DF-788DF9ADC370}.Debug|Any CPU.ActiveCfg = Debug|Any CPU
		{7776C4F7-42E9-46E8-A1DF-788DF9ADC370}.Debug|Any CPU.Build.0 = Debug|Any CPU
		{7776C4F7-42E9-46E8-A1DF-788DF9ADC370}.Release|Any CPU.ActiveCfg = Release|Any CPU
		{7776C4F7-42E9-46E8-A1DF-788DF9ADC370}.Release|Any CPU.Build.0 = Release|Any CPU
	EndGlobalSection
	GlobalSection(SolutionProperties) = preSolution
		HideSolutionNode = FALSE
	EndGlobalSection
	GlobalSection(NestedProjects) = preSolution
		{DC5A6C6D-6264-4F5D-8ED3-6E0812BBC087} = {BDF9AEC9-06AC-4CFF-8E5D-CCD034DF9316}
		{294C0A7D-CB14-4B0E-86D4-D2AD6C39CA86} = {BDF9AEC9-06AC-4CFF-8E5D-CCD034DF9316}
		{477D7F1F-9D6F-4D1C-BD0C-240F09A98003} = {F45E2B39-2240-4009-9436-ED744D0A7046}
		{1C35443F-E15C-409C-906C-5F0C6B6AD64D} = {F45E2B39-2240-4009-9436-ED744D0A7046}
		{F45E2B39-2240-4009-9436-ED744D0A7046} = {2DD0CECB-353C-4A30-98AE-6F882FB06A31}
		{1AAC3B3F-DD81-4E48-A387-C01BE56D43F4} = {2DD0CECB-353C-4A30-98AE-6F882FB06A31}
		{62325A2A-9B54-44E7-A125-A7D8C2B62B97} = {1AAC3B3F-DD81-4E48-A387-C01BE56D43F4}
		{F2A84C13-36F0-49D0-BB8E-E2A7869A665F} = {1AAC3B3F-DD81-4E48-A387-C01BE56D43F4}
		{D823AAD8-6EDE-49A4-8DB3-2110E457070F} = {2DD0CECB-353C-4A30-98AE-6F882FB06A31}
		{8E386091-E2E4-4B12-9B19-67763913CA78} = {D823AAD8-6EDE-49A4-8DB3-2110E457070F}
		{CE30843B-1E74-409B-BB97-D7A6E29DCBA6} = {D823AAD8-6EDE-49A4-8DB3-2110E457070F}
		{B70B4954-0496-4EBB-8445-5EC9271E1AEF} = {2DD0CECB-353C-4A30-98AE-6F882FB06A31}
		{6DDD0DF0-C07B-4DBC-82C6-E31D49D6E8CD} = {B70B4954-0496-4EBB-8445-5EC9271E1AEF}
		{B94FD0D0-BD5C-42FE-93E2-80E85626FD9E} = {B70B4954-0496-4EBB-8445-5EC9271E1AEF}
		{D33BC4AC-F301-4D7A-9942-3EDCF6EA4D37} = {2DD0CECB-353C-4A30-98AE-6F882FB06A31}
		{614387DE-0FE7-4822-B810-EE217A1FFF4F} = {D33BC4AC-F301-4D7A-9942-3EDCF6EA4D37}
		{1E8C2289-69F5-47A3-B1E7-B923DC17F79E} = {D33BC4AC-F301-4D7A-9942-3EDCF6EA4D37}
		{2EEFABAF-009D-42A8-B641-35CC15CB150A} = {D33BC4AC-F301-4D7A-9942-3EDCF6EA4D37}
		{7776C4F7-42E9-46E8-A1DF-788DF9ADC370} = {D33BC4AC-F301-4D7A-9942-3EDCF6EA4D37}
	EndGlobalSection
	GlobalSection(ExtensibilityGlobals) = postSolution
		SolutionGuid = {21B764CC-725B-4267-BBAA-5977DD6ECE46}
	EndGlobalSection
EndGlobal
