
Microsoft Visual Studio Solution File, Format Version 12.00
# Visual Studio Version 16
VisualStudioVersion = 16.0.32002.261
MinimumVisualStudioVersion = 10.0.40219.1
Project("{9A19103F-16F7-4668-BE54-9A1E7A4F7556}") = "WinAppLib", "WinAppLib.csproj", "{DC5A6C6D-6264-4F5D-8ED3-6E0812BBC087}"
EndProject
Project("{9A19103F-16F7-4668-BE54-9A1E7A4F7556}") = "WinAppCon", "..\WinAppCon\WinAppCon.csproj", "{294C0A7D-CB14-4B0E-86D4-D2AD6C39CA86}"
EndProject
Project("{9A19103F-16F7-4668-BE54-9A1E7A4F7556}") = "Assignment", "..\Assignments\Assignment.csproj", "{477D7F1F-9D6F-4D1C-BD0C-240F09A98003}"
EndProject
Project("{9A19103F-16F7-4668-BE54-9A1E7A4F7556}") = "AssignmentConsole", "..\AssignmentConsole\AssignmentConsole.csproj", "{1C35443F-E15C-409C-906C-5F0C6B6AD64D}"
EndProject
Project("{2150E333-8FDC-42A3-9474-1A3956D46DE8}") = "Assignments", "Assignments", "{2DD0CECB-353C-4A30-98AE-6F882FB06A31}"
EndProject
Project("{2150E333-8FDC-42A3-9474-1A3956D46DE8}") = "Review", "Review", "{BDF9AEC9-06AC-4CFF-8E5D-CCD034DF9316}"
EndProject
Project("{2150E333-8FDC-42A3-9474-1A3956D46DE8}") = "Explore", "Explore", "{A4A6A123-C45B-41C4-AF43-16A4D07852E5}"
EndProject
Project("{2150E333-8FDC-42A3-9474-1A3956D46DE8}") = "Assignment1", "Assignment1", "{F45E2B39-2240-4009-9436-ED744D0A7046}"
EndProject
Global
	GlobalSection(SolutionConfigurationPlatforms) = preSolution
		Debug|Any CPU = Debug|Any CPU
		Release|Any CPU = Release|Any CPU
	EndGlobalSection
	GlobalSection(ProjectConfigurationPlatforms) = postSolution
		{DC5A6C6D-6264-4F5D-8ED3-6E0812BBC087}.Debug|Any CPU.ActiveCfg = Debug|Any CPU
		{DC5A6C6D-6264-4F5D-8ED3-6E0812BBC087}.Debug|Any CPU.Build.0 = Debug|Any CPU
		{DC5A6C6D-6264-4F5D-8ED3-6E0812BBC087}.Release|Any CPU.ActiveCfg = Release|Any CPU
		{DC5A6C6D-6264-4F5D-8ED3-6E0812BBC087}.Release|Any CPU.Build.0 = Release|Any CPU
		{294C0A7D-CB14-4B0E-86D4-D2AD6C39CA86}.Debug|Any CPU.ActiveCfg = Debug|Any CPU
		{294C0A7D-CB14-4B0E-86D4-D2AD6C39CA86}.Debug|Any CPU.Build.0 = Debug|Any CPU
		{294C0A7D-CB14-4B0E-86D4-D2AD6C39CA86}.Release|Any CPU.ActiveCfg = Release|Any CPU
		{294C0A7D-CB14-4B0E-86D4-D2AD6C39CA86}.Release|Any CPU.Build.0 = Release|Any CPU
		{477D7F1F-9D6F-4D1C-BD0C-240F09A98003}.Debug|Any CPU.ActiveCfg = Debug|Any CPU
		{477D7F1F-9D6F-4D1C-BD0C-240F09A98003}.Debug|Any CPU.Build.0 = Debug|Any CPU
		{477D7F1F-9D6F-4D1C-BD0C-240F09A98003}.Release|Any CPU.ActiveCfg = Release|Any CPU
		{477D7F1F-9D6F-4D1C-BD0C-240F09A98003}.Release|Any CPU.Build.0 = Release|Any CPU
		{1C35443F-E15C-409C-906C-5F0C6B6AD64D}.Debug|Any CPU.ActiveCfg = Debug|Any CPU
		{1C35443F-E15C-409C-906C-5F0C6B6AD64D}.Debug|Any CPU.Build.0 = Debug|Any CPU
		{1C35443F-E15C-409C-906C-5F0C6B6AD64D}.Release|Any CPU.ActiveCfg = Release|Any CPU
		{1C35443F-E15C-409C-906C-5F0C6B6AD64D}.Release|Any CPU.Build.0 = Release|Any CPU
	EndGlobalSection
	GlobalSection(SolutionProperties) = preSolution
		HideSolutionNode = FALSE
	EndGlobalSection
	GlobalSection(NestedProjects) = preSolution
		{DC5A6C6D-6264-4F5D-8ED3-6E0812BBC087} = {BDF9AEC9-06AC-4CFF-8E5D-CCD034DF9316}
		{294C0A7D-CB14-4B0E-86D4-D2AD6C39CA86} = {BDF9AEC9-06AC-4CFF-8E5D-CCD034DF9316}
		{477D7F1F-9D6F-4D1C-BD0C-240F09A98003} = {F45E2B39-2240-4009-9436-ED744D0A7046}
		{1C35443F-E15C-409C-906C-5F0C6B6AD64D} = {F45E2B39-2240-4009-9436-ED744D0A7046}
		{F45E2B39-2240-4009-9436-ED744D0A7046} = {2DD0CECB-353C-4A30-98AE-6F882FB06A31}
	EndGlobalSection
	GlobalSection(ExtensibilityGlobals) = postSolution
		SolutionGuid = {21B764CC-725B-4267-BBAA-5977DD6ECE46}
	EndGlobalSection
EndGlobal
